
Microsoft Visual Studio Solution File, Format Version 12.00
# Visual Studio 15
VisualStudioVersion = 15.0.28010.2003
MinimumVisualStudioVersion = 10.0.40219.1
Project("{FAE04EC0-301F-11D3-BF4B-00C04F79EFBC}") = "ProcessMonitor", "ProcessMonitor.csproj", "{C989BC97-2CFC-466A-B882-781DF6CB1948}"
EndProject
Global
	GlobalSection(SolutionConfigurationPlatforms) = preSolution
		Debug|Any CPU = Debug|Any CPU
		Release|Any CPU = Release|Any CPU
	EndGlobalSection
	GlobalSection(ProjectConfigurationPlatforms) = postSolution
		{C989BC97-2CFC-466A-B882-781DF6CB1948}.Debug|Any CPU.ActiveCfg = Debug|Any CPU
		{C989BC97-2CFC-466A-B882-781DF6CB1948}.Debug|Any CPU.Build.0 = Debug|Any CPU
		{C989BC97-2CFC-466A-B882-781DF6CB1948}.Release|Any CPU.ActiveCfg = Release|Any CPU
		{C989BC97-2CFC-466A-B882-781DF6CB1948}.Release|Any CPU.Build.0 = Release|Any CPU
	EndGlobalSection
	GlobalSection(SolutionProperties) = preSolution
		HideSolutionNode = FALSE
	EndGlobalSection
	GlobalSection(ExtensibilityGlobals) = postSolution
		SolutionGuid = {B1A224CC-9E63-4477-AF24-CE73D12B00F4}
	EndGlobalSection
EndGlobal
