Microsoft Visual Studio Solution File, Format Version 12.00
# Visual Studio 15
VisualStudioVersion = 15.0.27703.2026
MinimumVisualStudioVersion = 10.0.40219.1
Project("{2150E333-8FDC-42A3-9474-1A3956D46DE8}") = "Agent", "Agent", "{91773137-C330-4F5D-A4D3-57F97D3ECF9B}"
EndProject
Project("{2150E333-8FDC-42A3-9474-1A3956D46DE8}") = "EventGenerators", "EventGenerators", "{EDB71658-D22E-421C-8915-32D0F0CA4618}"
EndProject
Project("{9A19103F-16F7-4668-BE54-9A1E7A4F7556}") = "Agent.Core", "Agent\Core\Agent.Core.csproj", "{BA43AA89-6FCA-4B4B-A515-492A02D586EC}"
EndProject
Project("{9A19103F-16F7-4668-BE54-9A1E7A4F7556}") = "Agent.Linux", "Agent\Linux\Agent.Linux.csproj", "{86C8B172-A67F-4BB2-B39E-29A15C14AD5A}"
EndProject
Project("{9A19103F-16F7-4668-BE54-9A1E7A4F7556}") = "Agent.Windows", "Agent\Windows\Agent.Windows.csproj", "{5DBAEB60-6C0A-4284-8B82-4CAE9A8994C9}"
EndProject
Project("{9A19103F-16F7-4668-BE54-9A1E7A4F7556}") = "Security.EventGenerators.Windows", "Modules\Security\EventGenerators\Windows\Security.EventGenerators.Windows.csproj", "{BFE78DAD-AB0C-4B1E-987A-2738DB67ADBC}"
EndProject
Project("{2150E333-8FDC-42A3-9474-1A3956D46DE8}") = "Contracts", "Contracts", "{42C7F471-626A-4C4C-9183-4E5FBF08078D}"
EndProject
Project("{9A19103F-16F7-4668-BE54-9A1E7A4F7556}") = "Security.Events", "Modules\Security\Contracts\Events\Security.Events.csproj", "{DBCFE662-D073-4E5C-AE95-52E9D2972A15}"
EndProject
Project("{9A19103F-16F7-4668-BE54-9A1E7A4F7556}") = "Security.EventGenerators.Linux", "Modules\Security\EventGenerators\Linux\Security.EventGenerators.Linux.csproj", "{FE5F0231-924C-4D5E-B0F7-C6F3D7DE0A8F}"
EndProject
Project("{9A19103F-16F7-4668-BE54-9A1E7A4F7556}") = "Agent.Core.Tests", "Agent\Tests\Core\Agent.Core.Tests.csproj", "{282C5479-E246-4E6B-8B74-1A03030FE664}"
EndProject
Project("{9A19103F-16F7-4668-BE54-9A1E7A4F7556}") = "Interop.NetFwTypeLib", "Modules\Security\EventGenerators\Interop.NetFwTypeLib\Interop.NetFwTypeLib.csproj", "{B260F44F-C4BF-40A7-A1A0-03E295F9CC81}"
EndProject
Project("{2150E333-8FDC-42A3-9474-1A3956D46DE8}") = "Tests", "Tests", "{C7FDA5C7-B0D6-42CE-83CE-BB28FCAA7688}"
EndProject
Project("{9A19103F-16F7-4668-BE54-9A1E7A4F7556}") = "Security.Tests.Windows", "Modules\Security\Tests\Windows\Security.Tests.Windows.csproj", "{B85B7FA3-9C0D-497F-A5D0-021212D33628}"
EndProject
Project("{9A19103F-16F7-4668-BE54-9A1E7A4F7556}") = "Security.Tests.Linux", "Modules\Security\Tests\Linux\Security.Tests.Linux.csproj", "{F170BAA1-CCBB-4BE4-AF0F-AFE0A5F0C20F}"
EndProject
Project("{2150E333-8FDC-42A3-9474-1A3956D46DE8}") = "Modules", "Modules", "{6181A95B-BC71-46B2-99C1-74FD0636BA56}"
EndProject
Project("{2150E333-8FDC-42A3-9474-1A3956D46DE8}") = "Security", "Security", "{97DD4BF7-4BFD-408A-B53E-96AFDEB9E77F}"
EndProject
Project("{2150E333-8FDC-42A3-9474-1A3956D46DE8}") = "Tests", "Tests", "{4C047B98-9A79-4685-AE7B-4C9A5D08907A}"
EndProject
Project("{9A19103F-16F7-4668-BE54-9A1E7A4F7556}") = "Security.Tests.Common", "Modules\Security\Tests\Common\Security.Tests.Common.csproj", "{60B26AAF-8954-4BE6-A56E-772B1F587676}"
EndProject
Project("{9A19103F-16F7-4668-BE54-9A1E7A4F7556}") = "Security.Common", "Modules\Security\Common\Security.Common.csproj", "{09557ACE-36F2-4AA1-B113-FE0532E667B1}"
EndProject
Project("{2150E333-8FDC-42A3-9474-1A3956D46DE8}") = "Contracts", "Contracts", "{3D13DE1A-1E47-4F54-91A0-37595D170145}"
EndProject
Project("{9A19103F-16F7-4668-BE54-9A1E7A4F7556}") = "Core.Events", "Contracts\Events\Core.Events.csproj", "{FAE22BB6-2E47-4308-A48C-F6354ABE1D3C}"
EndProject
Project("{9A19103F-16F7-4668-BE54-9A1E7A4F7556}") = "Modules.Security.Windows", "Modules\Security\Windows\Modules.Security.Windows.csproj", "{644185B3-A674-45BA-B6D3-76E63126235B}"
EndProject
Project("{9A19103F-16F7-4668-BE54-9A1E7A4F7556}") = "Modules.Security.Linux", "Modules\Security\Linux\Modules.Security.Linux.csproj", "{DA5AAAC8-17A8-4D45-904C-E72217D1FCE9}"
EndProject
Project("{2150E333-8FDC-42A3-9474-1A3956D46DE8}") = "Shared Items", "Shared Items", "{93576C67-F8C7-47E9-8550-ED7F5F195A85}"
	ProjectSection(SolutionItems) = preProject
		Modules\Security\SecurityAssemblySharedInfo.cs = Modules\Security\SecurityAssemblySharedInfo.cs
	EndProjectSection
EndProject
Project("{2150E333-8FDC-42A3-9474-1A3956D46DE8}") = "Shared Items", "Shared Items", "{C1B74CA7-14EF-419A-A756-1A55C1E8CB09}"
	ProjectSection(SolutionItems) = preProject
		Agent\AgentAssemblySharedInfo.cs = Agent\AgentAssemblySharedInfo.cs
	EndProjectSection
EndProject
Project("{9A19103F-16F7-4668-BE54-9A1E7A4F7556}") = "Agent.IoT", "Agent\IoT\Agent.IoT.csproj", "{9DBF9DE8-02FC-4D92-8BDB-B205AB8D1207}"
EndProject
Project("{9A19103F-16F7-4668-BE54-9A1E7A4F7556}") = "Modules.Security.WindowsIoTCore", "Modules\Security\WindowsIoTCore\Modules.Security.WindowsIoTCore.csproj", "{0129A4E1-5727-4364-A19B-5D260AE504C2}"
EndProject
Global
	GlobalSection(SolutionConfigurationPlatforms) = preSolution
		Debug|Any CPU = Debug|Any CPU
		Release|Any CPU = Release|Any CPU
		VSMSBuild|Any CPU = VSMSBuild|Any CPU
	EndGlobalSection
	GlobalSection(ProjectConfigurationPlatforms) = postSolution
		{BA43AA89-6FCA-4B4B-A515-492A02D586EC}.Debug|Any CPU.ActiveCfg = Debug|Any CPU
		{BA43AA89-6FCA-4B4B-A515-492A02D586EC}.Debug|Any CPU.Build.0 = Debug|Any CPU
		{BA43AA89-6FCA-4B4B-A515-492A02D586EC}.Release|Any CPU.ActiveCfg = Release|Any CPU
		{BA43AA89-6FCA-4B4B-A515-492A02D586EC}.Release|Any CPU.Build.0 = Release|Any CPU
		{BA43AA89-6FCA-4B4B-A515-492A02D586EC}.VSMSBuild|Any CPU.ActiveCfg = Debug|Any CPU
		{BA43AA89-6FCA-4B4B-A515-492A02D586EC}.VSMSBuild|Any CPU.Build.0 = Debug|Any CPU
		{86C8B172-A67F-4BB2-B39E-29A15C14AD5A}.Debug|Any CPU.ActiveCfg = Debug|Any CPU
		{86C8B172-A67F-4BB2-B39E-29A15C14AD5A}.Debug|Any CPU.Build.0 = Debug|Any CPU
		{86C8B172-A67F-4BB2-B39E-29A15C14AD5A}.Release|Any CPU.ActiveCfg = Release|Any CPU
		{86C8B172-A67F-4BB2-B39E-29A15C14AD5A}.Release|Any CPU.Build.0 = Release|Any CPU
		{86C8B172-A67F-4BB2-B39E-29A15C14AD5A}.VSMSBuild|Any CPU.ActiveCfg = Debug|Any CPU
		{86C8B172-A67F-4BB2-B39E-29A15C14AD5A}.VSMSBuild|Any CPU.Build.0 = Debug|Any CPU
		{5DBAEB60-6C0A-4284-8B82-4CAE9A8994C9}.Debug|Any CPU.ActiveCfg = Debug|Any CPU
		{5DBAEB60-6C0A-4284-8B82-4CAE9A8994C9}.Debug|Any CPU.Build.0 = Debug|Any CPU
		{5DBAEB60-6C0A-4284-8B82-4CAE9A8994C9}.Release|Any CPU.ActiveCfg = Release|Any CPU
		{5DBAEB60-6C0A-4284-8B82-4CAE9A8994C9}.Release|Any CPU.Build.0 = Release|Any CPU
		{5DBAEB60-6C0A-4284-8B82-4CAE9A8994C9}.VSMSBuild|Any CPU.ActiveCfg = Debug|Any CPU
		{5DBAEB60-6C0A-4284-8B82-4CAE9A8994C9}.VSMSBuild|Any CPU.Build.0 = Debug|Any CPU
		{BFE78DAD-AB0C-4B1E-987A-2738DB67ADBC}.Debug|Any CPU.ActiveCfg = Debug|Any CPU
		{BFE78DAD-AB0C-4B1E-987A-2738DB67ADBC}.Debug|Any CPU.Build.0 = Debug|Any CPU
		{BFE78DAD-AB0C-4B1E-987A-2738DB67ADBC}.Release|Any CPU.ActiveCfg = Release|Any CPU
		{BFE78DAD-AB0C-4B1E-987A-2738DB67ADBC}.Release|Any CPU.Build.0 = Release|Any CPU
		{BFE78DAD-AB0C-4B1E-987A-2738DB67ADBC}.VSMSBuild|Any CPU.ActiveCfg = Debug|Any CPU
		{BFE78DAD-AB0C-4B1E-987A-2738DB67ADBC}.VSMSBuild|Any CPU.Build.0 = Debug|Any CPU
		{DBCFE662-D073-4E5C-AE95-52E9D2972A15}.Debug|Any CPU.ActiveCfg = Debug|Any CPU
		{DBCFE662-D073-4E5C-AE95-52E9D2972A15}.Debug|Any CPU.Build.0 = Debug|Any CPU
		{DBCFE662-D073-4E5C-AE95-52E9D2972A15}.Release|Any CPU.ActiveCfg = Release|Any CPU
		{DBCFE662-D073-4E5C-AE95-52E9D2972A15}.Release|Any CPU.Build.0 = Release|Any CPU
		{DBCFE662-D073-4E5C-AE95-52E9D2972A15}.VSMSBuild|Any CPU.ActiveCfg = Debug|Any CPU
		{DBCFE662-D073-4E5C-AE95-52E9D2972A15}.VSMSBuild|Any CPU.Build.0 = Debug|Any CPU
		{FE5F0231-924C-4D5E-B0F7-C6F3D7DE0A8F}.Debug|Any CPU.ActiveCfg = Debug|Any CPU
		{FE5F0231-924C-4D5E-B0F7-C6F3D7DE0A8F}.Debug|Any CPU.Build.0 = Debug|Any CPU
		{FE5F0231-924C-4D5E-B0F7-C6F3D7DE0A8F}.Release|Any CPU.ActiveCfg = Release|Any CPU
		{FE5F0231-924C-4D5E-B0F7-C6F3D7DE0A8F}.Release|Any CPU.Build.0 = Release|Any CPU
		{FE5F0231-924C-4D5E-B0F7-C6F3D7DE0A8F}.VSMSBuild|Any CPU.ActiveCfg = Debug|Any CPU
		{FE5F0231-924C-4D5E-B0F7-C6F3D7DE0A8F}.VSMSBuild|Any CPU.Build.0 = Debug|Any CPU
		{282C5479-E246-4E6B-8B74-1A03030FE664}.Debug|Any CPU.ActiveCfg = Debug|Any CPU
		{282C5479-E246-4E6B-8B74-1A03030FE664}.Debug|Any CPU.Build.0 = Debug|Any CPU
		{282C5479-E246-4E6B-8B74-1A03030FE664}.Release|Any CPU.ActiveCfg = Release|Any CPU
		{282C5479-E246-4E6B-8B74-1A03030FE664}.Release|Any CPU.Build.0 = Release|Any CPU
		{282C5479-E246-4E6B-8B74-1A03030FE664}.VSMSBuild|Any CPU.ActiveCfg = Debug|Any CPU
		{282C5479-E246-4E6B-8B74-1A03030FE664}.VSMSBuild|Any CPU.Build.0 = Debug|Any CPU
		{B260F44F-C4BF-40A7-A1A0-03E295F9CC81}.Debug|Any CPU.ActiveCfg = Debug|Any CPU
		{B260F44F-C4BF-40A7-A1A0-03E295F9CC81}.Debug|Any CPU.Build.0 = Debug|Any CPU
		{B260F44F-C4BF-40A7-A1A0-03E295F9CC81}.Release|Any CPU.ActiveCfg = Release|Any CPU
		{B260F44F-C4BF-40A7-A1A0-03E295F9CC81}.Release|Any CPU.Build.0 = Release|Any CPU
		{B260F44F-C4BF-40A7-A1A0-03E295F9CC81}.VSMSBuild|Any CPU.ActiveCfg = Debug|Any CPU
		{B260F44F-C4BF-40A7-A1A0-03E295F9CC81}.VSMSBuild|Any CPU.Build.0 = Debug|Any CPU
		{B85B7FA3-9C0D-497F-A5D0-021212D33628}.Debug|Any CPU.ActiveCfg = Debug|Any CPU
		{B85B7FA3-9C0D-497F-A5D0-021212D33628}.Debug|Any CPU.Build.0 = Debug|Any CPU
		{B85B7FA3-9C0D-497F-A5D0-021212D33628}.Release|Any CPU.ActiveCfg = Release|Any CPU
		{B85B7FA3-9C0D-497F-A5D0-021212D33628}.Release|Any CPU.Build.0 = Release|Any CPU
		{B85B7FA3-9C0D-497F-A5D0-021212D33628}.VSMSBuild|Any CPU.ActiveCfg = Debug|Any CPU
		{B85B7FA3-9C0D-497F-A5D0-021212D33628}.VSMSBuild|Any CPU.Build.0 = Debug|Any CPU
		{F170BAA1-CCBB-4BE4-AF0F-AFE0A5F0C20F}.Debug|Any CPU.ActiveCfg = Debug|Any CPU
		{F170BAA1-CCBB-4BE4-AF0F-AFE0A5F0C20F}.Debug|Any CPU.Build.0 = Debug|Any CPU
		{F170BAA1-CCBB-4BE4-AF0F-AFE0A5F0C20F}.Release|Any CPU.ActiveCfg = Release|Any CPU
		{F170BAA1-CCBB-4BE4-AF0F-AFE0A5F0C20F}.Release|Any CPU.Build.0 = Release|Any CPU
		{F170BAA1-CCBB-4BE4-AF0F-AFE0A5F0C20F}.VSMSBuild|Any CPU.ActiveCfg = Debug|Any CPU
		{F170BAA1-CCBB-4BE4-AF0F-AFE0A5F0C20F}.VSMSBuild|Any CPU.Build.0 = Debug|Any CPU
		{60B26AAF-8954-4BE6-A56E-772B1F587676}.Debug|Any CPU.ActiveCfg = Debug|Any CPU
		{60B26AAF-8954-4BE6-A56E-772B1F587676}.Debug|Any CPU.Build.0 = Debug|Any CPU
		{60B26AAF-8954-4BE6-A56E-772B1F587676}.Release|Any CPU.ActiveCfg = Release|Any CPU
		{60B26AAF-8954-4BE6-A56E-772B1F587676}.Release|Any CPU.Build.0 = Release|Any CPU
		{60B26AAF-8954-4BE6-A56E-772B1F587676}.VSMSBuild|Any CPU.ActiveCfg = Debug|Any CPU
		{60B26AAF-8954-4BE6-A56E-772B1F587676}.VSMSBuild|Any CPU.Build.0 = Debug|Any CPU
		{09557ACE-36F2-4AA1-B113-FE0532E667B1}.Debug|Any CPU.ActiveCfg = Debug|Any CPU
		{09557ACE-36F2-4AA1-B113-FE0532E667B1}.Debug|Any CPU.Build.0 = Debug|Any CPU
		{09557ACE-36F2-4AA1-B113-FE0532E667B1}.Release|Any CPU.ActiveCfg = Release|Any CPU
		{09557ACE-36F2-4AA1-B113-FE0532E667B1}.Release|Any CPU.Build.0 = Release|Any CPU
		{09557ACE-36F2-4AA1-B113-FE0532E667B1}.VSMSBuild|Any CPU.ActiveCfg = Debug|Any CPU
		{09557ACE-36F2-4AA1-B113-FE0532E667B1}.VSMSBuild|Any CPU.Build.0 = Debug|Any CPU
		{FAE22BB6-2E47-4308-A48C-F6354ABE1D3C}.Debug|Any CPU.ActiveCfg = Debug|Any CPU
		{FAE22BB6-2E47-4308-A48C-F6354ABE1D3C}.Debug|Any CPU.Build.0 = Debug|Any CPU
		{FAE22BB6-2E47-4308-A48C-F6354ABE1D3C}.Release|Any CPU.ActiveCfg = Release|Any CPU
		{FAE22BB6-2E47-4308-A48C-F6354ABE1D3C}.Release|Any CPU.Build.0 = Release|Any CPU
		{FAE22BB6-2E47-4308-A48C-F6354ABE1D3C}.VSMSBuild|Any CPU.ActiveCfg = Debug|Any CPU
		{FAE22BB6-2E47-4308-A48C-F6354ABE1D3C}.VSMSBuild|Any CPU.Build.0 = Debug|Any CPU
		{644185B3-A674-45BA-B6D3-76E63126235B}.Debug|Any CPU.ActiveCfg = Debug|Any CPU
		{644185B3-A674-45BA-B6D3-76E63126235B}.Debug|Any CPU.Build.0 = Debug|Any CPU
		{644185B3-A674-45BA-B6D3-76E63126235B}.Release|Any CPU.ActiveCfg = Release|Any CPU
		{644185B3-A674-45BA-B6D3-76E63126235B}.Release|Any CPU.Build.0 = Release|Any CPU
		{644185B3-A674-45BA-B6D3-76E63126235B}.VSMSBuild|Any CPU.ActiveCfg = Debug|Any CPU
		{644185B3-A674-45BA-B6D3-76E63126235B}.VSMSBuild|Any CPU.Build.0 = Debug|Any CPU
		{DA5AAAC8-17A8-4D45-904C-E72217D1FCE9}.Debug|Any CPU.ActiveCfg = Debug|Any CPU
		{DA5AAAC8-17A8-4D45-904C-E72217D1FCE9}.Debug|Any CPU.Build.0 = Debug|Any CPU
		{DA5AAAC8-17A8-4D45-904C-E72217D1FCE9}.Release|Any CPU.ActiveCfg = Release|Any CPU
		{DA5AAAC8-17A8-4D45-904C-E72217D1FCE9}.Release|Any CPU.Build.0 = Release|Any CPU
		{DA5AAAC8-17A8-4D45-904C-E72217D1FCE9}.VSMSBuild|Any CPU.ActiveCfg = Debug|Any CPU
		{DA5AAAC8-17A8-4D45-904C-E72217D1FCE9}.VSMSBuild|Any CPU.Build.0 = Debug|Any CPU
		{9DBF9DE8-02FC-4D92-8BDB-B205AB8D1207}.Debug|Any CPU.ActiveCfg = Debug|Any CPU
		{9DBF9DE8-02FC-4D92-8BDB-B205AB8D1207}.Debug|Any CPU.Build.0 = Debug|Any CPU
		{9DBF9DE8-02FC-4D92-8BDB-B205AB8D1207}.Release|Any CPU.ActiveCfg = Release|Any CPU
		{9DBF9DE8-02FC-4D92-8BDB-B205AB8D1207}.Release|Any CPU.Build.0 = Release|Any CPU
		{9DBF9DE8-02FC-4D92-8BDB-B205AB8D1207}.VSMSBuild|Any CPU.ActiveCfg = Debug|Any CPU
		{9DBF9DE8-02FC-4D92-8BDB-B205AB8D1207}.VSMSBuild|Any CPU.Build.0 = Debug|Any CPU
		{0129A4E1-5727-4364-A19B-5D260AE504C2}.Debug|Any CPU.ActiveCfg = Debug|Any CPU
		{0129A4E1-5727-4364-A19B-5D260AE504C2}.Debug|Any CPU.Build.0 = Debug|Any CPU
		{0129A4E1-5727-4364-A19B-5D260AE504C2}.Release|Any CPU.ActiveCfg = Release|Any CPU
		{0129A4E1-5727-4364-A19B-5D260AE504C2}.Release|Any CPU.Build.0 = Release|Any CPU
		{0129A4E1-5727-4364-A19B-5D260AE504C2}.VSMSBuild|Any CPU.ActiveCfg = Debug|Any CPU
		{0129A4E1-5727-4364-A19B-5D260AE504C2}.VSMSBuild|Any CPU.Build.0 = Debug|Any CPU
	EndGlobalSection
	GlobalSection(SolutionProperties) = preSolution
		HideSolutionNode = FALSE
	EndGlobalSection
	GlobalSection(NestedProjects) = preSolution
		{EDB71658-D22E-421C-8915-32D0F0CA4618} = {97DD4BF7-4BFD-408A-B53E-96AFDEB9E77F}
		{BA43AA89-6FCA-4B4B-A515-492A02D586EC} = {91773137-C330-4F5D-A4D3-57F97D3ECF9B}
		{86C8B172-A67F-4BB2-B39E-29A15C14AD5A} = {91773137-C330-4F5D-A4D3-57F97D3ECF9B}
		{5DBAEB60-6C0A-4284-8B82-4CAE9A8994C9} = {91773137-C330-4F5D-A4D3-57F97D3ECF9B}
		{BFE78DAD-AB0C-4B1E-987A-2738DB67ADBC} = {EDB71658-D22E-421C-8915-32D0F0CA4618}
		{42C7F471-626A-4C4C-9183-4E5FBF08078D} = {97DD4BF7-4BFD-408A-B53E-96AFDEB9E77F}
		{DBCFE662-D073-4E5C-AE95-52E9D2972A15} = {42C7F471-626A-4C4C-9183-4E5FBF08078D}
		{FE5F0231-924C-4D5E-B0F7-C6F3D7DE0A8F} = {EDB71658-D22E-421C-8915-32D0F0CA4618}
		{282C5479-E246-4E6B-8B74-1A03030FE664} = {C7FDA5C7-B0D6-42CE-83CE-BB28FCAA7688}
		{B260F44F-C4BF-40A7-A1A0-03E295F9CC81} = {EDB71658-D22E-421C-8915-32D0F0CA4618}
		{C7FDA5C7-B0D6-42CE-83CE-BB28FCAA7688} = {91773137-C330-4F5D-A4D3-57F97D3ECF9B}
		{B85B7FA3-9C0D-497F-A5D0-021212D33628} = {4C047B98-9A79-4685-AE7B-4C9A5D08907A}
		{F170BAA1-CCBB-4BE4-AF0F-AFE0A5F0C20F} = {4C047B98-9A79-4685-AE7B-4C9A5D08907A}
		{97DD4BF7-4BFD-408A-B53E-96AFDEB9E77F} = {6181A95B-BC71-46B2-99C1-74FD0636BA56}
		{4C047B98-9A79-4685-AE7B-4C9A5D08907A} = {97DD4BF7-4BFD-408A-B53E-96AFDEB9E77F}
		{60B26AAF-8954-4BE6-A56E-772B1F587676} = {4C047B98-9A79-4685-AE7B-4C9A5D08907A}
		{09557ACE-36F2-4AA1-B113-FE0532E667B1} = {97DD4BF7-4BFD-408A-B53E-96AFDEB9E77F}
		{FAE22BB6-2E47-4308-A48C-F6354ABE1D3C} = {3D13DE1A-1E47-4F54-91A0-37595D170145}
		{644185B3-A674-45BA-B6D3-76E63126235B} = {97DD4BF7-4BFD-408A-B53E-96AFDEB9E77F}
		{DA5AAAC8-17A8-4D45-904C-E72217D1FCE9} = {97DD4BF7-4BFD-408A-B53E-96AFDEB9E77F}
		{93576C67-F8C7-47E9-8550-ED7F5F195A85} = {97DD4BF7-4BFD-408A-B53E-96AFDEB9E77F}
		{C1B74CA7-14EF-419A-A756-1A55C1E8CB09} = {91773137-C330-4F5D-A4D3-57F97D3ECF9B}
		{9DBF9DE8-02FC-4D92-8BDB-B205AB8D1207} = {91773137-C330-4F5D-A4D3-57F97D3ECF9B}
		{0129A4E1-5727-4364-A19B-5D260AE504C2} = {97DD4BF7-4BFD-408A-B53E-96AFDEB9E77F}
	EndGlobalSection
	GlobalSection(ExtensibilityGlobals) = postSolution
		SolutionGuid = {669442CE-247A-4478-8916-7324FAA804B1}
	EndGlobalSection
EndGlobal
